# This file is automatically @generated by Cargo.
# It is not intended for manual editing.
version = 4

[[package]]
name = "husk-analyzer"
version = "0.1.0"
dependencies = [
 "husk-lexer",
 "husk-parser",
]

[[package]]
name = "husk-cli"
version = "0.1.0"
dependencies = [
 "husk-codegen",
 "husk-lexer",
 "husk-parser",
]

[[package]]
name = "husk-codegen"
version = "0.1.0"
dependencies = [
 "husk-lexer",
 "husk-parser",
]

[[package]]
name = "husk-lexer"
version = "0.1.0"

[[package]]
name = "husk-parser"
version = "0.1.0"
dependencies = [
 "husk-lexer",
]
